github.com/golang/glog v1.0.0 h1:nfP3RFugxnNRyKgeWd4oI1nYvXpxrx8ck8ZrcizshdQ=
github.com/golang/glog v1.0.0/go.mod h1:EWib/APOK0SL3dFbYqvxE3UYd8E6s1ouQ7iEp/0LWV4=
github.com/thinkeridea/go-extend v1.3.2 h1:0ZImRXpJc+wBNIrNEMbTuKwIvJ6eFoeuNAewvzONrI0=
github.com/thinkeridea/go-extend v1.3.2/go.mod h1:xqN1e3y1PdVSij1VZp6iPKlO8I4jLbS8CUuTySj981g=
